
Microsoft Visual Studio Solution File, Format Version 12.00
# Visual Studio 14
VisualStudioVersion = 14.0.25420.1
MinimumVisualStudioVersion = 10.0.40219.1
Project("{FAE04EC0-301F-11D3-BF4B-00C04F79EFBC}") = "Top20Video.Data", "Top20Video.Data\Top20Video.Data.csproj", "{B508718E-4D44-44C0-BF95-E257DD6F7C4C}"
EndProject
Project("{FAE04EC0-301F-11D3-BF4B-00C04F79EFBC}") = "Top20Video.Framework", "Top20Video.Framework\Top20Video.Framework.csproj", "{1D9E1C0B-6465-4330-82D1-2707901D85BC}"
EndProject
Project("{FAE04EC0-301F-11D3-BF4B-00C04F79EFBC}") = "Top20Video.Repository", "Top20Video.Repository\Top20Video.Repository.csproj", "{1310B8BE-1493-4786-A9F2-DB93B4220079}"
EndProject
Project("{FAE04EC0-301F-11D3-BF4B-00C04F79EFBC}") = "Top20Video.Models", "Top20Video.Model\Top20Video.Models.csproj", "{FE5B6E8B-653B-42EF-8F5C-BDBCB7A55379}"
EndProject
Project("{FAE04EC0-301F-11D3-BF4B-00C04F79EFBC}") = "Top20Video.Web", "Top20Video.Web\Top20Video.Web.csproj", "{F796D9EB-5414-47AA-A762-2D24BE6CC9C8}"
EndProject
Project("{2150E333-8FDC-42A3-9474-1A3956D46DE8}") = "WebAdmin", "WebAdmin", "{AE931492-6CA2-46CE-A773-8FB1DE8C91B5}"
EndProject
Project("{2150E333-8FDC-42A3-9474-1A3956D46DE8}") = "YouTubeAPI", "YouTubeAPI", "{29522806-24CF-4F6B-90CD-E5C186CF9CF0}"
EndProject
Project("{FAE04EC0-301F-11D3-BF4B-00C04F79EFBC}") = "Top20Video.YouTubeAPI", "Top20Video.YouTubeAPI\Top20Video.YouTubeAPI.csproj", "{20F3C4FD-9EAF-49FF-A9BF-59A126CCC8CC}"
EndProject
Project("{2150E333-8FDC-42A3-9474-1A3956D46DE8}") = "Data", "Data", "{4689FADC-1EC9-4308-8D92-8C4AD05D9418}"
EndProject
Project("{FAE04EC0-301F-11D3-BF4B-00C04F79EFBC}") = "Top20Video.AutoService", "Top20Video.AutoService\Top20Video.AutoService.csproj", "{DB22A887-2C81-40A9-ADEB-315DD9150135}"
EndProject
Global
	GlobalSection(SolutionConfigurationPlatforms) = preSolution
		Debug|Any CPU = Debug|Any CPU
		Release|Any CPU = Release|Any CPU
	EndGlobalSection
	GlobalSection(ProjectConfigurationPlatforms) = postSolution
		{B508718E-4D44-44C0-BF95-E257DD6F7C4C}.Debug|Any CPU.ActiveCfg = Debug|Any CPU
		{B508718E-4D44-44C0-BF95-E257DD6F7C4C}.Debug|Any CPU.Build.0 = Debug|Any CPU
		{B508718E-4D44-44C0-BF95-E257DD6F7C4C}.Release|Any CPU.ActiveCfg = Release|Any CPU
		{B508718E-4D44-44C0-BF95-E257DD6F7C4C}.Release|Any CPU.Build.0 = Release|Any CPU
		{1D9E1C0B-6465-4330-82D1-2707901D85BC}.Debug|Any CPU.ActiveCfg = Debug|Any CPU
		{1D9E1C0B-6465-4330-82D1-2707901D85BC}.Debug|Any CPU.Build.0 = Debug|Any CPU
		{1D9E1C0B-6465-4330-82D1-2707901D85BC}.Release|Any CPU.ActiveCfg = Release|Any CPU
		{1D9E1C0B-6465-4330-82D1-2707901D85BC}.Release|Any CPU.Build.0 = Release|Any CPU
		{1310B8BE-1493-4786-A9F2-DB93B4220079}.Debug|Any CPU.ActiveCfg = Debug|Any CPU
		{1310B8BE-1493-4786-A9F2-DB93B4220079}.Debug|Any CPU.Build.0 = Debug|Any CPU
		{1310B8BE-1493-4786-A9F2-DB93B4220079}.Release|Any CPU.ActiveCfg = Release|Any CPU
		{1310B8BE-1493-4786-A9F2-DB93B4220079}.Release|Any CPU.Build.0 = Release|Any CPU
		{FE5B6E8B-653B-42EF-8F5C-BDBCB7A55379}.Debug|Any CPU.ActiveCfg = Debug|Any CPU
		{FE5B6E8B-653B-42EF-8F5C-BDBCB7A55379}.Debug|Any CPU.Build.0 = Debug|Any CPU
		{FE5B6E8B-653B-42EF-8F5C-BDBCB7A55379}.Release|Any CPU.ActiveCfg = Release|Any CPU
		{FE5B6E8B-653B-42EF-8F5C-BDBCB7A55379}.Release|Any CPU.Build.0 = Release|Any CPU
		{F796D9EB-5414-47AA-A762-2D24BE6CC9C8}.Debug|Any CPU.ActiveCfg = Debug|Any CPU
		{F796D9EB-5414-47AA-A762-2D24BE6CC9C8}.Debug|Any CPU.Build.0 = Debug|Any CPU
		{F796D9EB-5414-47AA-A762-2D24BE6CC9C8}.Release|Any CPU.ActiveCfg = Release|Any CPU
		{F796D9EB-5414-47AA-A762-2D24BE6CC9C8}.Release|Any CPU.Build.0 = Release|Any CPU
		{20F3C4FD-9EAF-49FF-A9BF-59A126CCC8CC}.Debug|Any CPU.ActiveCfg = Debug|Any CPU
		{20F3C4FD-9EAF-49FF-A9BF-59A126CCC8CC}.Debug|Any CPU.Build.0 = Debug|Any CPU
		{20F3C4FD-9EAF-49FF-A9BF-59A126CCC8CC}.Release|Any CPU.ActiveCfg = Release|Any CPU
		{20F3C4FD-9EAF-49FF-A9BF-59A126CCC8CC}.Release|Any CPU.Build.0 = Release|Any CPU
		{DB22A887-2C81-40A9-ADEB-315DD9150135}.Debug|Any CPU.ActiveCfg = Debug|Any CPU
		{DB22A887-2C81-40A9-ADEB-315DD9150135}.Debug|Any CPU.Build.0 = Debug|Any CPU
		{DB22A887-2C81-40A9-ADEB-315DD9150135}.Release|Any CPU.ActiveCfg = Release|Any CPU
		{DB22A887-2C81-40A9-ADEB-315DD9150135}.Release|Any CPU.Build.0 = Release|Any CPU
	EndGlobalSection
	GlobalSection(SolutionProperties) = preSolution
		HideSolutionNode = FALSE
	EndGlobalSection
	GlobalSection(NestedProjects) = preSolution
		{B508718E-4D44-44C0-BF95-E257DD6F7C4C} = {4689FADC-1EC9-4308-8D92-8C4AD05D9418}
		{1D9E1C0B-6465-4330-82D1-2707901D85BC} = {AE931492-6CA2-46CE-A773-8FB1DE8C91B5}
		{1310B8BE-1493-4786-A9F2-DB93B4220079} = {AE931492-6CA2-46CE-A773-8FB1DE8C91B5}
		{FE5B6E8B-653B-42EF-8F5C-BDBCB7A55379} = {AE931492-6CA2-46CE-A773-8FB1DE8C91B5}
		{F796D9EB-5414-47AA-A762-2D24BE6CC9C8} = {AE931492-6CA2-46CE-A773-8FB1DE8C91B5}
		{20F3C4FD-9EAF-49FF-A9BF-59A126CCC8CC} = {29522806-24CF-4F6B-90CD-E5C186CF9CF0}
		{DB22A887-2C81-40A9-ADEB-315DD9150135} = {29522806-24CF-4F6B-90CD-E5C186CF9CF0}
	EndGlobalSection
EndGlobal
