
Microsoft Visual Studio Solution File, Format Version 12.00
# Visual Studio 15
VisualStudioVersion = 15.0.28307.168
MinimumVisualStudioVersion = 10.0.40219.1
Project("{FAE04EC0-301F-11D3-BF4B-00C04F79EFBC}") = "Top20Videos.Android", "Top20Videos\Top20Videos.Android\Top20Videos.Android.csproj", "{43D25943-5490-4000-ABFA-6AD1838FFD06}"
EndProject
Project("{FAE04EC0-301F-11D3-BF4B-00C04F79EFBC}") = "Top20Videos.iOS", "Top20Videos\Top20Videos.iOS\Top20Videos.iOS.csproj", "{DEA2C053-9B74-47B2-8EF8-9248B063C03A}"
EndProject
Project("{FAE04EC0-301F-11D3-BF4B-00C04F79EFBC}") = "Top20Videos", "Top20Videos\Top20Videos\Top20Videos.csproj", "{A6B0F989-5355-472F-98DA-CD057BF35CEF}"
EndProject
Global
	GlobalSection(SolutionConfigurationPlatforms) = preSolution
		Ad-Hoc|Any CPU = Ad-Hoc|Any CPU
		Ad-Hoc|iPhone = Ad-Hoc|iPhone
		Ad-Hoc|iPhoneSimulator = Ad-Hoc|iPhoneSimulator
		AppStore|Any CPU = AppStore|Any CPU
		AppStore|iPhone = AppStore|iPhone
		AppStore|iPhoneSimulator = AppStore|iPhoneSimulator
		Debug|Any CPU = Debug|Any CPU
		Debug|iPhone = Debug|iPhone
		Debug|iPhoneSimulator = Debug|iPhoneSimulator
		Release|Any CPU = Release|Any CPU
		Release|iPhone = Release|iPhone
		Release|iPhoneSimulator = Release|iPhoneSimulator
	EndGlobalSection
	GlobalSection(ProjectConfigurationPlatforms) = postSolution
		{43D25943-5490-4000-ABFA-6AD1838FFD06}.Ad-Hoc|Any CPU.ActiveCfg = Release|Any CPU
		{43D25943-5490-4000-ABFA-6AD1838FFD06}.Ad-Hoc|Any CPU.Build.0 = Release|Any CPU
		{43D25943-5490-4000-ABFA-6AD1838FFD06}.Ad-Hoc|Any CPU.Deploy.0 = Release|Any CPU
		{43D25943-5490-4000-ABFA-6AD1838FFD06}.Ad-Hoc|iPhone.ActiveCfg = Release|Any CPU
		{43D25943-5490-4000-ABFA-6AD1838FFD06}.Ad-Hoc|iPhone.Build.0 = Release|Any CPU
		{43D25943-5490-4000-ABFA-6AD1838FFD06}.Ad-Hoc|iPhone.Deploy.0 = Release|Any CPU
		{43D25943-5490-4000-ABFA-6AD1838FFD06}.Ad-Hoc|iPhoneSimulator.ActiveCfg = Release|Any CPU
		{43D25943-5490-4000-ABFA-6AD1838FFD06}.Ad-Hoc|iPhoneSimulator.Build.0 = Release|Any CPU
		{43D25943-5490-4000-ABFA-6AD1838FFD06}.Ad-Hoc|iPhoneSimulator.Deploy.0 = Release|Any CPU
		{43D25943-5490-4000-ABFA-6AD1838FFD06}.AppStore|Any CPU.ActiveCfg = Release|Any CPU
		{43D25943-5490-4000-ABFA-6AD1838FFD06}.AppStore|Any CPU.Build.0 = Release|Any CPU
		{43D25943-5490-4000-ABFA-6AD1838FFD06}.AppStore|Any CPU.Deploy.0 = Release|Any CPU
		{43D25943-5490-4000-ABFA-6AD1838FFD06}.AppStore|iPhone.ActiveCfg = Release|Any CPU
		{43D25943-5490-4000-ABFA-6AD1838FFD06}.AppStore|iPhone.Build.0 = Release|Any CPU
		{43D25943-5490-4000-ABFA-6AD1838FFD06}.AppStore|iPhone.Deploy.0 = Release|Any CPU
		{43D25943-5490-4000-ABFA-6AD1838FFD06}.AppStore|iPhoneSimulator.ActiveCfg = Release|Any CPU
		{43D25943-5490-4000-ABFA-6AD1838FFD06}.AppStore|iPhoneSimulator.Build.0 = Release|Any CPU
		{43D25943-5490-4000-ABFA-6AD1838FFD06}.AppStore|iPhoneSimulator.Deploy.0 = Release|Any CPU
		{43D25943-5490-4000-ABFA-6AD1838FFD06}.Debug|Any CPU.ActiveCfg = Debug|Any CPU
		{43D25943-5490-4000-ABFA-6AD1838FFD06}.Debug|Any CPU.Build.0 = Debug|Any CPU
		{43D25943-5490-4000-ABFA-6AD1838FFD06}.Debug|Any CPU.Deploy.0 = Debug|Any CPU
		{43D25943-5490-4000-ABFA-6AD1838FFD06}.Debug|iPhone.ActiveCfg = Debug|Any CPU
		{43D25943-5490-4000-ABFA-6AD1838FFD06}.Debug|iPhone.Build.0 = Debug|Any CPU
		{43D25943-5490-4000-ABFA-6AD1838FFD06}.Debug|iPhone.Deploy.0 = Debug|Any CPU
		{43D25943-5490-4000-ABFA-6AD1838FFD06}.Debug|iPhoneSimulator.ActiveCfg = Debug|Any CPU
		{43D25943-5490-4000-ABFA-6AD1838FFD06}.Debug|iPhoneSimulator.Build.0 = Debug|Any CPU
		{43D25943-5490-4000-ABFA-6AD1838FFD06}.Debug|iPhoneSimulator.Deploy.0 = Debug|Any CPU
		{43D25943-5490-4000-ABFA-6AD1838FFD06}.Release|Any CPU.ActiveCfg = Release|Any CPU
		{43D25943-5490-4000-ABFA-6AD1838FFD06}.Release|Any CPU.Build.0 = Release|Any CPU
		{43D25943-5490-4000-ABFA-6AD1838FFD06}.Release|Any CPU.Deploy.0 = Release|Any CPU
		{43D25943-5490-4000-ABFA-6AD1838FFD06}.Release|iPhone.ActiveCfg = Release|Any CPU
		{43D25943-5490-4000-ABFA-6AD1838FFD06}.Release|iPhone.Build.0 = Release|Any CPU
		{43D25943-5490-4000-ABFA-6AD1838FFD06}.Release|iPhone.Deploy.0 = Release|Any CPU
		{43D25943-5490-4000-ABFA-6AD1838FFD06}.Release|iPhoneSimulator.ActiveCfg = Release|Any CPU
		{43D25943-5490-4000-ABFA-6AD1838FFD06}.Release|iPhoneSimulator.Build.0 = Release|Any CPU
		{43D25943-5490-4000-ABFA-6AD1838FFD06}.Release|iPhoneSimulator.Deploy.0 = Release|Any CPU
		{DEA2C053-9B74-47B2-8EF8-9248B063C03A}.Ad-Hoc|Any CPU.ActiveCfg = Ad-Hoc|iPhone
		{DEA2C053-9B74-47B2-8EF8-9248B063C03A}.Ad-Hoc|Any CPU.Build.0 = Ad-Hoc|iPhone
		{DEA2C053-9B74-47B2-8EF8-9248B063C03A}.Ad-Hoc|Any CPU.Deploy.0 = Ad-Hoc|iPhone
		{DEA2C053-9B74-47B2-8EF8-9248B063C03A}.Ad-Hoc|iPhone.ActiveCfg = Ad-Hoc|iPhone
		{DEA2C053-9B74-47B2-8EF8-9248B063C03A}.Ad-Hoc|iPhone.Build.0 = Ad-Hoc|iPhone
		{DEA2C053-9B74-47B2-8EF8-9248B063C03A}.Ad-Hoc|iPhone.Deploy.0 = Ad-Hoc|iPhone
		{DEA2C053-9B74-47B2-8EF8-9248B063C03A}.Ad-Hoc|iPhoneSimulator.ActiveCfg = Ad-Hoc|iPhoneSimulator
		{DEA2C053-9B74-47B2-8EF8-9248B063C03A}.Ad-Hoc|iPhoneSimulator.Build.0 = Ad-Hoc|iPhoneSimulator
		{DEA2C053-9B74-47B2-8EF8-9248B063C03A}.Ad-Hoc|iPhoneSimulator.Deploy.0 = Ad-Hoc|iPhoneSimulator
		{DEA2C053-9B74-47B2-8EF8-9248B063C03A}.AppStore|Any CPU.ActiveCfg = AppStore|iPhone
		{DEA2C053-9B74-47B2-8EF8-9248B063C03A}.AppStore|Any CPU.Build.0 = AppStore|iPhone
		{DEA2C053-9B74-47B2-8EF8-9248B063C03A}.AppStore|Any CPU.Deploy.0 = AppStore|iPhone
		{DEA2C053-9B74-47B2-8EF8-9248B063C03A}.AppStore|iPhone.ActiveCfg = AppStore|iPhone
		{DEA2C053-9B74-47B2-8EF8-9248B063C03A}.AppStore|iPhone.Build.0 = AppStore|iPhone
		{DEA2C053-9B74-47B2-8EF8-9248B063C03A}.AppStore|iPhone.Deploy.0 = AppStore|iPhone
		{DEA2C053-9B74-47B2-8EF8-9248B063C03A}.AppStore|iPhoneSimulator.ActiveCfg = AppStore|iPhoneSimulator
		{DEA2C053-9B74-47B2-8EF8-9248B063C03A}.AppStore|iPhoneSimulator.Build.0 = AppStore|iPhoneSimulator
		{DEA2C053-9B74-47B2-8EF8-9248B063C03A}.AppStore|iPhoneSimulator.Deploy.0 = AppStore|iPhoneSimulator
		{DEA2C053-9B74-47B2-8EF8-9248B063C03A}.Debug|Any CPU.ActiveCfg = Debug|iPhoneSimulator
		{DEA2C053-9B74-47B2-8EF8-9248B063C03A}.Debug|Any CPU.Build.0 = Debug|iPhoneSimulator
		{DEA2C053-9B74-47B2-8EF8-9248B063C03A}.Debug|Any CPU.Deploy.0 = Debug|iPhoneSimulator
		{DEA2C053-9B74-47B2-8EF8-9248B063C03A}.Debug|iPhone.ActiveCfg = Debug|iPhone
		{DEA2C053-9B74-47B2-8EF8-9248B063C03A}.Debug|iPhone.Build.0 = Debug|iPhone
		{DEA2C053-9B74-47B2-8EF8-9248B063C03A}.Debug|iPhone.Deploy.0 = Debug|iPhone
		{DEA2C053-9B74-47B2-8EF8-9248B063C03A}.Debug|iPhoneSimulator.ActiveCfg = Debug|iPhoneSimulator
		{DEA2C053-9B74-47B2-8EF8-9248B063C03A}.Debug|iPhoneSimulator.Build.0 = Debug|iPhoneSimulator
		{DEA2C053-9B74-47B2-8EF8-9248B063C03A}.Debug|iPhoneSimulator.Deploy.0 = Debug|iPhoneSimulator
		{DEA2C053-9B74-47B2-8EF8-9248B063C03A}.Release|Any CPU.ActiveCfg = Release|iPhone
		{DEA2C053-9B74-47B2-8EF8-9248B063C03A}.Release|Any CPU.Build.0 = Release|iPhone
		{DEA2C053-9B74-47B2-8EF8-9248B063C03A}.Release|Any CPU.Deploy.0 = Release|iPhone
		{DEA2C053-9B74-47B2-8EF8-9248B063C03A}.Release|iPhone.ActiveCfg = Release|iPhone
		{DEA2C053-9B74-47B2-8EF8-9248B063C03A}.Release|iPhone.Build.0 = Release|iPhone
		{DEA2C053-9B74-47B2-8EF8-9248B063C03A}.Release|iPhone.Deploy.0 = Release|iPhone
		{DEA2C053-9B74-47B2-8EF8-9248B063C03A}.Release|iPhoneSimulator.ActiveCfg = Release|iPhoneSimulator
		{DEA2C053-9B74-47B2-8EF8-9248B063C03A}.Release|iPhoneSimulator.Build.0 = Release|iPhoneSimulator
		{DEA2C053-9B74-47B2-8EF8-9248B063C03A}.Release|iPhoneSimulator.Deploy.0 = Release|iPhoneSimulator
		{A6B0F989-5355-472F-98DA-CD057BF35CEF}.Ad-Hoc|Any CPU.ActiveCfg = Debug|Any CPU
		{A6B0F989-5355-472F-98DA-CD057BF35CEF}.Ad-Hoc|Any CPU.Build.0 = Debug|Any CPU
		{A6B0F989-5355-472F-98DA-CD057BF35CEF}.Ad-Hoc|Any CPU.Deploy.0 = Debug|Any CPU
		{A6B0F989-5355-472F-98DA-CD057BF35CEF}.Ad-Hoc|iPhone.ActiveCfg = Debug|Any CPU
		{A6B0F989-5355-472F-98DA-CD057BF35CEF}.Ad-Hoc|iPhone.Build.0 = Debug|Any CPU
		{A6B0F989-5355-472F-98DA-CD057BF35CEF}.Ad-Hoc|iPhone.Deploy.0 = Debug|Any CPU
		{A6B0F989-5355-472F-98DA-CD057BF35CEF}.Ad-Hoc|iPhoneSimulator.ActiveCfg = Debug|Any CPU
		{A6B0F989-5355-472F-98DA-CD057BF35CEF}.Ad-Hoc|iPhoneSimulator.Build.0 = Debug|Any CPU
		{A6B0F989-5355-472F-98DA-CD057BF35CEF}.Ad-Hoc|iPhoneSimulator.Deploy.0 = Debug|Any CPU
		{A6B0F989-5355-472F-98DA-CD057BF35CEF}.AppStore|Any CPU.ActiveCfg = Debug|Any CPU
		{A6B0F989-5355-472F-98DA-CD057BF35CEF}.AppStore|Any CPU.Build.0 = Debug|Any CPU
		{A6B0F989-5355-472F-98DA-CD057BF35CEF}.AppStore|Any CPU.Deploy.0 = Debug|Any CPU
		{A6B0F989-5355-472F-98DA-CD057BF35CEF}.AppStore|iPhone.ActiveCfg = Debug|Any CPU
		{A6B0F989-5355-472F-98DA-CD057BF35CEF}.AppStore|iPhone.Build.0 = Debug|Any CPU
		{A6B0F989-5355-472F-98DA-CD057BF35CEF}.AppStore|iPhone.Deploy.0 = Debug|Any CPU
		{A6B0F989-5355-472F-98DA-CD057BF35CEF}.AppStore|iPhoneSimulator.ActiveCfg = Debug|Any CPU
		{A6B0F989-5355-472F-98DA-CD057BF35CEF}.AppStore|iPhoneSimulator.Build.0 = Debug|Any CPU
		{A6B0F989-5355-472F-98DA-CD057BF35CEF}.AppStore|iPhoneSimulator.Deploy.0 = Debug|Any CPU
		{A6B0F989-5355-472F-98DA-CD057BF35CEF}.Debug|Any CPU.ActiveCfg = Debug|Any CPU
		{A6B0F989-5355-472F-98DA-CD057BF35CEF}.Debug|Any CPU.Build.0 = Debug|Any CPU
		{A6B0F989-5355-472F-98DA-CD057BF35CEF}.Debug|Any CPU.Deploy.0 = Debug|Any CPU
		{A6B0F989-5355-472F-98DA-CD057BF35CEF}.Debug|iPhone.ActiveCfg = Debug|Any CPU
		{A6B0F989-5355-472F-98DA-CD057BF35CEF}.Debug|iPhone.Build.0 = Debug|Any CPU
		{A6B0F989-5355-472F-98DA-CD057BF35CEF}.Debug|iPhone.Deploy.0 = Debug|Any CPU
		{A6B0F989-5355-472F-98DA-CD057BF35CEF}.Debug|iPhoneSimulator.ActiveCfg = Debug|Any CPU
		{A6B0F989-5355-472F-98DA-CD057BF35CEF}.Debug|iPhoneSimulator.Build.0 = Debug|Any CPU
		{A6B0F989-5355-472F-98DA-CD057BF35CEF}.Debug|iPhoneSimulator.Deploy.0 = Debug|Any CPU
		{A6B0F989-5355-472F-98DA-CD057BF35CEF}.Release|Any CPU.ActiveCfg = Release|Any CPU
		{A6B0F989-5355-472F-98DA-CD057BF35CEF}.Release|Any CPU.Build.0 = Release|Any CPU
		{A6B0F989-5355-472F-98DA-CD057BF35CEF}.Release|Any CPU.Deploy.0 = Release|Any CPU
		{A6B0F989-5355-472F-98DA-CD057BF35CEF}.Release|iPhone.ActiveCfg = Release|Any CPU
		{A6B0F989-5355-472F-98DA-CD057BF35CEF}.Release|iPhone.Build.0 = Release|Any CPU
		{A6B0F989-5355-472F-98DA-CD057BF35CEF}.Release|iPhone.Deploy.0 = Release|Any CPU
		{A6B0F989-5355-472F-98DA-CD057BF35CEF}.Release|iPhoneSimulator.ActiveCfg = Release|Any CPU
		{A6B0F989-5355-472F-98DA-CD057BF35CEF}.Release|iPhoneSimulator.Build.0 = Release|Any CPU
		{A6B0F989-5355-472F-98DA-CD057BF35CEF}.Release|iPhoneSimulator.Deploy.0 = Release|Any CPU
	EndGlobalSection
	GlobalSection(SolutionProperties) = preSolution
		HideSolutionNode = FALSE
	EndGlobalSection
	GlobalSection(ExtensibilityGlobals) = postSolution
		SolutionGuid = {51C81968-7371-4161-93EF-3977548190E6}
	EndGlobalSection
EndGlobal
